
Microsoft Visual Studio Solution File, Format Version 12.00
# Visual Studio Version 17
VisualStudioVersion = 17.10.35013.160
MinimumVisualStudioVersion = 10.0.40219.1
Project("{FAE04EC0-301F-11D3-BF4B-00C04F79EFBC}") = "Topic 5 -Assignment Part 1", "Topic 5 -Assignment Part 1\Topic 5 -Assignment Part 1.csproj", "{BA6CD0E7-3E32-4B1E-92C9-AB0CA1151D01}"
EndProject
Global
	GlobalSection(SolutionConfigurationPlatforms) = preSolution
		Debug|Any CPU = Debug|Any CPU
		Release|Any CPU = Release|Any CPU
	EndGlobalSection
	GlobalSection(ProjectConfigurationPlatforms) = postSolution
		{BA6CD0E7-3E32-4B1E-92C9-AB0CA1151D01}.Debug|Any CPU.ActiveCfg = Debug|Any CPU
		{BA6CD0E7-3E32-4B1E-92C9-AB0CA1151D01}.Debug|Any CPU.Build.0 = Debug|Any CPU
		{BA6CD0E7-3E32-4B1E-92C9-AB0CA1151D01}.Release|Any CPU.ActiveCfg = Release|Any CPU
		{BA6CD0E7-3E32-4B1E-92C9-AB0CA1151D01}.Release|Any CPU.Build.0 = Release|Any CPU
	EndGlobalSection
	GlobalSection(SolutionProperties) = preSolution
		HideSolutionNode = FALSE
	EndGlobalSection
	GlobalSection(ExtensibilityGlobals) = postSolution
		SolutionGuid = {A8967ED6-B58E-4CC0-A62A-0ADA42010F9D}
	EndGlobalSection
EndGlobal
